// !$*UTF8*$!
{
	archiveVersion = 1;
	classes = {
	};
	objectVersion = 55;
	objects = {

/* Begin PBXBuildFile section */
		650FA581281A81E000278CBA /* AppDelegate.m in Sources */ = {isa = PBXBuildFile; fileRef = 650FA580281A81E000278CBA /* AppDelegate.m */; };
		650FA584281A81E000278CBA /* SceneDelegate.m in Sources */ = {isa = PBXBuildFile; fileRef = 650FA583281A81E000278CBA /* SceneDelegate.m */; };
		650FA587281A81E000278CBA /* ViewController.m in Sources */ = {isa = PBXBuildFile; fileRef = 650FA586281A81E000278CBA /* ViewController.m */; };
		650FA58A281A81E000278CBA /* Main.storyboard in Resources */ = {isa = PBXBuildFile; fileRef = 650FA588281A81E000278CBA /* Main.storyboard */; };
		650FA58C281A81E100278CBA /* Assets.xcassets in Resources */ = {isa = PBXBuildFile; fileRef = 650FA58B281A81E100278CBA /* Assets.xcassets */; };
		650FA58F281A81E100278CBA /* LaunchScreen.storyboard in Resources */ = {isa = PBXBuildFile; fileRef = 650FA58D281A81E100278CBA /* LaunchScreen.storyboard */; };
		650FA592281A81E100278CBA /* main.m in Sources */ = {isa = PBXBuildFile; fileRef = 650FA591281A81E100278CBA /* main.m */; };
		650FA59C281A81E200278CBA /* OC220425Tests.m in Sources */ = {isa = PBXBuildFile; fileRef = 650FA59B281A81E200278CBA /* OC220425Tests.m */; };
		650FA5A6281A81E200278CBA /* OC220425UITests.m in Sources */ = {isa = PBXBuildFile; fileRef = 650FA5A5281A81E200278CBA /* OC220425UITests.m */; };
		650FA5A8281A81E200278CBA /* OC220425UITestsLaunchTests.m in Sources */ = {isa = PBXBuildFile; fileRef = 650FA5A7281A81E200278CBA /* OC220425UITestsLaunchTests.m */; };
/* End PBXBuildFile section */

/* Begin PBXContainerItemProxy section */
		650FA598281A81E200278CBA /* PBXContainerItemProxy */ = {
			isa = PBXContainerItemProxy;
			containerPortal = 650FA574281A81E000278CBA /* Project object */;
			proxyType = 1;
			remoteGlobalIDString = 650FA57B281A81E000278CBA;
			remoteInfo = OC220425;
		};
		650FA5A2281A81E200278CBA /* PBXContainerItemProxy */ = {
			isa = PBXContainerItemProxy;
			containerPortal = 650FA574281A81E000278CBA /* Project object */;
			proxyType = 1;
			remoteGlobalIDString = 650FA57B281A81E000278CBA;
			remoteInfo = OC220425;
		};
/* End PBXContainerItemProxy section */

/* Begin PBXFileReference section */
		650FA57C281A81E000278CBA /* OC220425.app */ = {isa = PBXFileReference; explicitFileType = wrapper.application; includeInIndex = 0; path = OC220425.app; sourceTree = BUILT_PRODUCTS_DIR; };
		650FA57F281A81E000278CBA /* AppDelegate.h */ = {isa = PBXFileReference; lastKnownFileType = sourcecode.c.h; path = AppDelegate.h; sourceTree = "<group>"; };
		650FA580281A81E000278CBA /* AppDelegate.m */ = {isa = PBXFileReference; lastKnownFileType = sourcecode.c.objc; path = AppDelegate.m; sourceTree = "<group>"; };
		650FA582281A81E000278CBA /* SceneDelegate.h */ = {isa = PBXFileReference; lastKnownFileType = sourcecode.c.h; path = SceneDelegate.h; sourceTree = "<group>"; };
		650FA583281A81E000278CBA /* SceneDelegate.m */ = {isa = PBXFileReference; lastKnownFileType = sourcecode.c.objc; path = SceneDelegate.m; sourceTree = "<group>"; };
		650FA585281A81E000278CBA /* ViewController.h */ = {isa = PBXFileReference; lastKnownFileType = sourcecode.c.h; path = ViewController.h; sourceTree = "<group>"; };
		650FA586281A81E000278CBA /* ViewController.m */ = {isa = PBXFileReference; lastKnownFileType = sourcecode.c.objc; path = ViewController.m; sourceTree = "<group>"; };
		650FA589281A81E000278CBA /* Base */ = {isa = PBXFileReference; lastKnownFileType = file.storyboard; name = Base; path = Base.lproj/Main.storyboard; sourceTree = "<group>"; };
		650FA58B281A81E100278CBA /* Assets.xcassets */ = {isa = PBXFileReference; lastKnownFileType = folder.assetcatalog; path = Assets.xcassets; sourceTree = "<group>"; };
		650FA58E281A81E100278CBA /* Base */ = {isa = PBXFileReference; lastKnownFileType = file.storyboard; name = Base; path = Base.lproj/LaunchScreen.storyboard; sourceTree = "<group>"; };
		650FA590281A81E100278CBA /* Info.plist */ = {isa = PBXFileReference; lastKnownFileType = text.plist.xml; path = Info.plist; sourceTree = "<group>"; };
		650FA591281A81E100278CBA /* main.m */ = {isa = PBXFileReference; lastKnownFileType = sourcecode.c.objc; path = main.m; sourceTree = "<group>"; };
		650FA597281A81E200278CBA /* OC220425Tests.xctest */ = {isa = PBXFileReference; explicitFileType = wrapper.cfbundle; includeInIndex = 0; path = OC220425Tests.xctest; sourceTree = BUILT_PRODUCTS_DIR; };
		650FA59B281A81E200278CBA /* OC220425Tests.m */ = {isa = PBXFileReference; lastKnownFileType = sourcecode.c.objc; path = OC220425Tests.m; sourceTree = "<group>"; };
		650FA5A1281A81E200278CBA /* OC220425UITests.xctest */ = {isa = PBXFileReference; explicitFileType = wrapper.cfbundle; includeInIndex = 0; path = OC220425UITests.xctest; sourceTree = BUILT_PRODUCTS_DIR; };
		650FA5A5281A81E200278CBA /* OC220425UITests.m */ = {isa = PBXFileReference; lastKnownFileType = sourcecode.c.objc; path = OC220425UITests.m; sourceTree = "<group>"; };
		650FA5A7281A81E200278CBA /* OC220425UITestsLaunchTests.m */ = {isa = PBXFileReference; lastKnownFileType = sourcecode.c.objc; path = OC220425UITestsLaunchTests.m; sourceTree = "<group>"; };
/* End PBXFileReference section */

/* Begin PBXFrameworksBuildPhase section */
		650FA579281A81E000278CBA /* Frameworks */ = {
			isa = PBXFrameworksBuildPhase;
			buildActionMask = 2147483647;
			files = (
			);
			runOnlyForDeploymentPostprocessing = 0;
		};
		650FA594281A81E200278CBA /* Frameworks */ = {
			isa = PBXFrameworksBuildPhase;
			buildActionMask = 2147483647;
			files = (
			);
			runOnlyForDeploymentPostprocessing = 0;
		};
		650FA59E281A81E200278CBA /* Frameworks */ = {
			isa = PBXFrameworksBuildPhase;
			buildActionMask = 2147483647;
			files = (
			);
			runOnlyForDeploymentPostprocessing = 0;
		};
/* End PBXFrameworksBuildPhase section */

/* Begin PBXGroup section */
		650FA573281A81E000278CBA = {
			isa = PBXGroup;
			children = (
				650FA57E281A81E000278CBA /* OC220425 */,
				650FA59A281A81E200278CBA /* OC220425Tests */,
				650FA5A4281A81E200278CBA /* OC220425UITests */,
				650FA57D281A81E000278CBA /* Products */,
			);
			sourceTree = "<group>";
		};
		650FA57D281A81E000278CBA /* Products */ = {
			isa = PBXGroup;
			children = (
				650FA57C281A81E000278CBA /* OC220425.app */,
				650FA597281A81E200278CBA /* OC220425Tests.xctest */,
				650FA5A1281A81E200278CBA /* OC220425UITests.xctest */,
			);
			name = Products;
			sourceTree = "<group>";
		};
		650FA57E281A81E000278CBA /* OC220425 */ = {
			isa = PBXGroup;
			children = (
				650FA57F281A81E000278CBA /* AppDelegate.h */,
				650FA580281A81E000278CBA /* AppDelegate.m */,
				650FA582281A81E000278CBA /* SceneDelegate.h */,
				650FA583281A81E000278CBA /* SceneDelegate.m */,
				650FA585281A81E000278CBA /* ViewController.h */,
				650FA586281A81E000278CBA /* ViewController.m */,
				650FA588281A81E000278CBA /* Main.storyboard */,
				650FA58B281A81E100278CBA /* Assets.xcassets */,
				650FA58D281A81E100278CBA /* LaunchScreen.storyboard */,
				650FA590281A81E100278CBA /* Info.plist */,
				650FA591281A81E100278CBA /* main.m */,
			);
			path = OC220425;
			sourceTree = "<group>";
		};
		650FA59A281A81E200278CBA /* OC220425Tests */ = {
			isa = PBXGroup;
			children = (
				650FA59B281A81E200278CBA /* OC220425Tests.m */,
			);
			path = OC220425Tests;
			sourceTree = "<group>";
		};
		650FA5A4281A81E200278CBA /* OC220425UITests */ = {
			isa = PBXGroup;
			children = (
				650FA5A5281A81E200278CBA /* OC220425UITests.m */,
				650FA5A7281A81E200278CBA /* OC220425UITestsLaunchTests.m */,
			);
			path = OC220425UITests;
			sourceTree = "<group>";
		};
/* End PBXGroup section */

/* Begin PBXNativeTarget section */
		650FA57B281A81E000278CBA /* OC220425 */ = {
			isa = PBXNativeTarget;
			buildConfigurationList = 650FA5AB281A81E200278CBA /* Build configuration list for PBXNativeTarget "OC220425" */;
			buildPhases = (
				650FA578281A81E000278CBA /* Sources */,
				650FA579281A81E000278CBA /* Frameworks */,
				650FA57A281A81E000278CBA /* Resources */,
			);
			buildRules = (
			);
			dependencies = (
			);
			name = OC220425;
			productName = OC220425;
			productReference = 650FA57C281A81E000278CBA /* OC220425.app */;
			productType = "com.apple.product-type.application";
		};
		650FA596281A81E200278CBA /* OC220425Tests */ = {
			isa = PBXNativeTarget;
			buildConfigurationList = 650FA5AE281A81E200278CBA /* Build configuration list for PBXNativeTarget "OC220425Tests" */;
			buildPhases = (
				650FA593281A81E200278CBA /* Sources */,
				650FA594281A81E200278CBA /* Frameworks */,
				650FA595281A81E200278CBA /* Resources */,
			);
			buildRules = (
			);
			dependencies = (
				650FA599281A81E200278CBA /* PBXTargetDependency */,
			);
			name = OC220425Tests;
			productName = OC220425Tests;
			productReference = 650FA597281A81E200278CBA /* OC220425Tests.xctest */;
			productType = "com.apple.product-type.bundle.unit-test";
		};
		650FA5A0281A81E200278CBA /* OC220425UITests */ = {
			isa = PBXNativeTarget;
			buildConfigurationList = 650FA5B1281A81E200278CBA /* Build configuration list for PBXNativeTarget "OC220425UITests" */;
			buildPhases = (
				650FA59D281A81E200278CBA /* Sources */,
				650FA59E281A81E200278CBA /* Frameworks */,
				650FA59F281A81E200278CBA /* Resources */,
			);
			buildRules = (
			);
			dependencies = (
				650FA5A3281A81E200278CBA /* PBXTargetDependency */,
			);
			name = OC220425UITests;
			productName = OC220425UITests;
			productReference = 650FA5A1281A81E200278CBA /* OC220425UITests.xctest */;
			productType = "com.apple.product-type.bundle.ui-testing";
		};
/* End PBXNativeTarget section */

/* Begin PBXProject section */
		650FA574281A81E000278CBA /* Project object */ = {
			isa = PBXProject;
			attributes = {
				BuildIndependentTargetsInParallel = 1;
				LastUpgradeCheck = 1330;
				TargetAttributes = {
					650FA57B281A81E000278CBA = {
						CreatedOnToolsVersion = 13.3.1;
					};
					650FA596281A81E200278CBA = {
						CreatedOnToolsVersion = 13.3.1;
						TestTargetID = 650FA57B281A81E000278CBA;
					};
					650FA5A0281A81E200278CBA = {
						CreatedOnToolsVersion = 13.3.1;
						TestTargetID = 650FA57B281A81E000278CBA;
					};
				};
			};
			buildConfigurationList = 650FA577281A81E000278CBA /* Build configuration list for PBXProject "OC220425" */;
			compatibilityVersion = "Xcode 13.0";
			developmentRegion = en;
			hasScannedForEncodings = 0;
			knownRegions = (
				en,
				Base,
			);
			mainGroup = 650FA573281A81E000278CBA;
			productRefGroup = 650FA57D281A81E000278CBA /* Products */;
			projectDirPath = "";
			projectRoot = "";
			targets = (
				650FA57B281A81E000278CBA /* OC220425 */,
				650FA596281A81E200278CBA /* OC220425Tests */,
				650FA5A0281A81E200278CBA /* OC220425UITests */,
			);
		};
/* End PBXProject section */

/* Begin PBXResourcesBuildPhase section */
		650FA57A281A81E000278CBA /* Resources */ = {
			isa = PBXResourcesBuildPhase;
			buildActionMask = 2147483647;
			files = (
				650FA58F281A81E100278CBA /* LaunchScreen.storyboard in Resources */,
				650FA58C281A81E100278CBA /* Assets.xcassets in Resources */,
				650FA58A281A81E000278CBA /* Main.storyboard in Resources */,
			);
			runOnlyForDeploymentPostprocessing = 0;
		};
		650FA595281A81E200278CBA /* Resources */ = {
			isa = PBXResourcesBuildPhase;
			buildActionMask = 2147483647;
			files = (
			);
			runOnlyForDeploymentPostprocessing = 0;
		};
		650FA59F281A81E200278CBA /* Resources */ = {
			isa = PBXResourcesBuildPhase;
			buildActionMask = 2147483647;
			files = (
			);
			runOnlyForDeploymentPostprocessing = 0;
		};
/* End PBXResourcesBuildPhase section */

/* Begin PBXSourcesBuildPhase section */
		650FA578281A81E000278CBA /* Sources */ = {
			isa = PBXSourcesBuildPhase;
			buildActionMask = 2147483647;
			files = (
				650FA587281A81E000278CBA /* ViewController.m in Sources */,
				650FA581281A81E000278CBA /* AppDelegate.m in Sources */,
				650FA592281A81E100278CBA /* main.m in Sources */,
				650FA584281A81E000278CBA /* SceneDelegate.m in Sources */,
			);
			runOnlyForDeploymentPostprocessing = 0;
		};
		650FA593281A81E200278CBA /* Sources */ = {
			isa = PBXSourcesBuildPhase;
			buildActionMask = 2147483647;
			files = (
				650FA59C281A81E200278CBA /* OC220425Tests.m in Sources */,
			);
			runOnlyForDeploymentPostprocessing = 0;
		};
		650FA59D281A81E200278CBA /* Sources */ = {
			isa = PBXSourcesBuildPhase;
			buildActionMask = 2147483647;
			files = (
				650FA5A6281A81E200278CBA /* OC220425UITests.m in Sources */,
				650FA5A8281A81E200278CBA /* OC220425UITestsLaunchTests.m in Sources */,
			);
			runOnlyForDeploymentPostprocessing = 0;
		};
/* End PBXSourcesBuildPhase section */

/* Begin PBXTargetDependency section */
		650FA599281A81E200278CBA /* PBXTargetDependency */ = {
			isa = PBXTargetDependency;
			target = 650FA57B281A81E000278CBA /* OC220425 */;
			targetProxy = 650FA598281A81E200278CBA /* PBXContainerItemProxy */;
		};
		650FA5A3281A81E200278CBA /* PBXTargetDependency */ = {
			isa = PBXTargetDependency;
			target = 650FA57B281A81E000278CBA /* OC220425 */;
			targetProxy = 650FA5A2281A81E200278CBA /* PBXContainerItemProxy */;
		};
/* End PBXTargetDependency section */

/* Begin PBXVariantGroup section */
		650FA588281A81E000278CBA /* Main.storyboard */ = {
			isa = PBXVariantGroup;
			children = (
				650FA589281A81E000278CBA /* Base */,
			);
			name = Main.storyboard;
			sourceTree = "<group>";
		};
		650FA58D281A81E100278CBA /* LaunchScreen.storyboard */ = {
			isa = PBXVariantGroup;
			children = (
				650FA58E281A81E100278CBA /* Base */,
			);
			name = LaunchScreen.storyboard;
			sourceTree = "<group>";
		};
/* End PBXVariantGroup section */

/* Begin XCBuildConfiguration section */
		650FA5A9281A81E200278CBA /* Debug */ = {
			isa = XCBuildConfiguration;
			buildSettings = {
				ALWAYS_SEARCH_USER_PATHS = NO;
				CLANG_ANALYZER_NONNULL = YES;
				CLANG_ANALYZER_NUMBER_OBJECT_CONVERSION = YES_AGGRESSIVE;
				CLANG_CXX_LANGUAGE_STANDARD = "gnu++17";
				CLANG_ENABLE_MODULES = YES;
				CLANG_ENABLE_OBJC_ARC = YES;
				CLANG_ENABLE_OBJC_WEAK = YES;
				CLANG_WARN_BLOCK_CAPTURE_AUTORELEASING = YES;
				CLANG_WARN_BOOL_CONVERSION = YES;
				CLANG_WARN_COMMA = YES;
				CLANG_WARN_CONSTANT_CONVERSION = YES;
				CLANG_WARN_DEPRECATED_OBJC_IMPLEMENTATIONS = YES;
				CLANG_WARN_DIRECT_OBJC_ISA_USAGE = YES_ERROR;
				CLANG_WARN_DOCUMENTATION_COMMENTS = YES;
				CLANG_WARN_EMPTY_BODY = YES;
				CLANG_WARN_ENUM_CONVERSION = YES;
				CLANG_WARN_INFINITE_RECURSION = YES;
				CLANG_WARN_INT_CONVERSION = YES;
				CLANG_WARN_NON_LITERAL_NULL_CONVERSION = YES;
				CLANG_WARN_OBJC_IMPLICIT_RETAIN_SELF = YES;
				CLANG_WARN_OBJC_LITERAL_CONVERSION = YES;
				CLANG_WARN_OBJC_ROOT_CLASS = YES_ERROR;
				CLANG_WARN_QUOTED_INCLUDE_IN_FRAMEWORK_HEADER = YES;
				CLANG_WARN_RANGE_LOOP_ANALYSIS = YES;
				CLANG_WARN_STRICT_PROTOTYPES = YES;
				CLANG_WARN_SUSPICIOUS_MOVE = YES;
				CLANG_WARN_UNGUARDED_AVAILABILITY = YES_AGGRESSIVE;
				CLANG_WARN_UNREACHABLE_CODE = YES;
				CLANG_WARN__DUPLICATE_METHOD_MATCH = YES;
				COPY_PHASE_STRIP = NO;
				DEBUG_INFORMATION_FORMAT = dwarf;
				ENABLE_STRICT_OBJC_MSGSEND = YES;
				ENABLE_TESTABILITY = YES;
				GCC_C_LANGUAGE_STANDARD = gnu11;
				GCC_DYNAMIC_NO_PIC = NO;
				GCC_NO_COMMON_BLOCKS = YES;
				GCC_OPTIMIZATION_LEVEL = 0;
				GCC_PREPROCESSOR_DEFINITIONS = (
					"DEBUG=1",
					"$(inherited)",
				);
				GCC_WARN_64_TO_32_BIT_CONVERSION = YES;
				GCC_WARN_ABOUT_RETURN_TYPE = YES_ERROR;
				GCC_WARN_UNDECLARED_SELECTOR = YES;
				GCC_WARN_UNINITIALIZED_AUTOS = YES_AGGRESSIVE;
				GCC_WARN_UNUSED_FUNCTION = YES;
				GCC_WARN_UNUSED_VARIABLE = YES;
				IPHONEOS_DEPLOYMENT_TARGET = 15.4;
				MTL_ENABLE_DEBUG_INFO = INCLUDE_SOURCE;
				MTL_FAST_MATH = YES;
				ONLY_ACTIVE_ARCH = YES;
				SDKROOT = iphoneos;
			};
			name = Debug;
		};
		650FA5AA281A81E200278CBA /* Release */ = {
			isa = XCBuildConfiguration;
			buildSettings = {
				ALWAYS_SEARCH_USER_PATHS = NO;
				CLANG_ANALYZER_NONNULL = YES;
				CLANG_ANALYZER_NUMBER_OBJECT_CONVERSION = YES_AGGRESSIVE;
				CLANG_CXX_LANGUAGE_STANDARD = "gnu++17";
				CLANG_ENABLE_MODULES = YES;
				CLANG_ENABLE_OBJC_ARC = YES;
				CLANG_ENABLE_OBJC_WEAK = YES;
				CLANG_WARN_BLOCK_CAPTURE_AUTORELEASING = YES;
				CLANG_WARN_BOOL_CONVERSION = YES;
				CLANG_WARN_COMMA = YES;
				CLANG_WARN_CONSTANT_CONVERSION = YES;
				CLANG_WARN_DEPRECATED_OBJC_IMPLEMENTATIONS = YES;
				CLANG_WARN_DIRECT_OBJC_ISA_USAGE = YES_ERROR;
				CLANG_WARN_DOCUMENTATION_COMMENTS = YES;
				CLANG_WARN_EMPTY_BODY = YES;
				CLANG_WARN_ENUM_CONVERSION = YES;
				CLANG_WARN_INFINITE_RECURSION = YES;
				CLANG_WARN_INT_CONVERSION = YES;
				CLANG_WARN_NON_LITERAL_NULL_CONVERSION = YES;
				CLANG_WARN_OBJC_IMPLICIT_RETAIN_SELF = YES;
				CLANG_WARN_OBJC_LITERAL_CONVERSION = YES;
				CLANG_WARN_OBJC_ROOT_CLASS = YES_ERROR;
				CLANG_WARN_QUOTED_INCLUDE_IN_FRAMEWORK_HEADER = YES;
				CLANG_WARN_RANGE_LOOP_ANALYSIS = YES;
				CLANG_WARN_STRICT_PROTOTYPES = YES;
				CLANG_WARN_SUSPICIOUS_MOVE = YES;
				CLANG_WARN_UNGUARDED_AVAILABILITY = YES_AGGRESSIVE;
				CLANG_WARN_UNREACHABLE_CODE = YES;
				CLANG_WARN__DUPLICATE_METHOD_MATCH = YES;
				COPY_PHASE_STRIP = NO;
				DEBUG_INFORMATION_FORMAT = "dwarf-with-dsym";
				ENABLE_NS_ASSERTIONS = NO;
				ENABLE_STRICT_OBJC_MSGSEND = YES;
				GCC_C_LANGUAGE_STANDARD = gnu11;
				GCC_NO_COMMON_BLOCKS = YES;
				GCC_WARN_64_TO_32_BIT_CONVERSION = YES;
				GCC_WARN_ABOUT_RETURN_TYPE = YES_ERROR;
				GCC_WARN_UNDECLARED_SELECTOR = YES;
				GCC_WARN_UNINITIALIZED_AUTOS = YES_AGGRESSIVE;
				GCC_WARN_UNUSED_FUNCTION = YES;
				GCC_WARN_UNUSED_VARIABLE = YES;
				IPHONEOS_DEPLOYMENT_TARGET = 15.4;
				MTL_ENABLE_DEBUG_INFO = NO;
				MTL_FAST_MATH = YES;
				SDKROOT = iphoneos;
				VALIDATE_PRODUCT = YES;
			};
			name = Release;
		};
		650FA5AC281A81E200278CBA /* Debug */ = {
			isa = XCBuildConfiguration;
			buildSettings = {
				ASSETCATALOG_COMPILER_APPICON_NAME = AppIcon;
				ASSETCATALOG_COMPILER_GLOBAL_ACCENT_COLOR_NAME = AccentColor;
				CODE_SIGN_STYLE = Automatic;
				CURRENT_PROJECT_VERSION = 1;
				GENERATE_INFOPLIST_FILE = YES;
				INFOPLIST_FILE = OC220425/Info.plist;
				INFOPLIST_KEY_UIApplicationSupportsIndirectInputEvents = YES;
				INFOPLIST_KEY_UILaunchStoryboardName = LaunchScreen;
				INFOPLIST_KEY_UIMainStoryboardFile = Main;
				INFOPLIST_KEY_UISupportedInterfaceOrientations_iPad = "UIInterfaceOrientationPortrait UIInterfaceOrientationPortraitUpsideDown UIInterfaceOrientationLandscapeLeft UIInterfaceOrientationLandscapeRight";
				INFOPLIST_KEY_UISupportedInterfaceOrientations_iPhone = "UIInterfaceOrientationPortrait UIInterfaceOrientationLandscapeLeft UIInterfaceOrientationLandscapeRight";
				LD_RUNPATH_SEARCH_PATHS = (
					"$(inherited)",
					"@executable_path/Frameworks",
				);
				MARKETING_VERSION = 1.0;
				PRODUCT_BUNDLE_IDENTIFIER = com.isoftstone.kit.OC220425;
				PRODUCT_NAME = "$(TARGET_NAME)";
				SWIFT_EMIT_LOC_STRINGS = YES;
				TARGETED_DEVICE_FAMILY = "1,2";
			};
			name = Debug;
		};
		650FA5AD281A81E200278CBA /* Release */ = {
			isa = XCBuildConfiguration;
			buildSettings = {
				ASSETCATALOG_COMPILER_APPICON_NAME = AppIcon;
				ASSETCATALOG_COMPILER_GLOBAL_ACCENT_COLOR_NAME = AccentColor;
				CODE_SIGN_STYLE = Automatic;
				CURRENT_PROJECT_VERSION = 1;
				GENERATE_INFOPLIST_FILE = YES;
				INFOPLIST_FILE = OC220425/Info.plist;
				INFOPLIST_KEY_UIApplicationSupportsIndirectInputEvents = YES;
				INFOPLIST_KEY_UILaunchStoryboardName = LaunchScreen;
				INFOPLIST_KEY_UIMainStoryboardFile = Main;
				INFOPLIST_KEY_UISupportedInterfaceOrientations_iPad = "UIInterfaceOrientationPortrait UIInterfaceOrientationPortraitUpsideDown UIInterfaceOrientationLandscapeLeft UIInterfaceOrientationLandscapeRight";
				INFOPLIST_KEY_UISupportedInterfaceOrientations_iPhone = "UIInterfaceOrientationPortrait UIInterfaceOrientationLandscapeLeft UIInterfaceOrientationLandscapeRight";
				LD_RUNPATH_SEARCH_PATHS = (
					"$(inherited)",
					"@executable_path/Frameworks",
				);
				MARKETING_VERSION = 1.0;
				PRODUCT_BUNDLE_IDENTIFIER = com.isoftstone.kit.OC220425;
				PRODUCT_NAME = "$(TARGET_NAME)";
				SWIFT_EMIT_LOC_STRINGS = YES;
				TARGETED_DEVICE_FAMILY = "1,2";
			};
			name = Release;
		};
		650FA5AF281A81E200278CBA /* Debug */ = {
			isa = XCBuildConfiguration;
			buildSettings = {
				BUNDLE_LOADER = "$(TEST_HOST)";
				CODE_SIGN_STYLE = Automatic;
				CURRENT_PROJECT_VERSION = 1;
				GENERATE_INFOPLIST_FILE = YES;
				IPHONEOS_DEPLOYMENT_TARGET = 15.4;
				MARKETING_VERSION = 1.0;
				PRODUCT_BUNDLE_IDENTIFIER = com.isoftstone.kit.OC220425Tests;
				PRODUCT_NAME = "$(TARGET_NAME)";
				SWIFT_EMIT_LOC_STRINGS = NO;
				TARGETED_DEVICE_FAMILY = "1,2";
				TEST_HOST = "$(BUILT_PRODUCTS_DIR)/OC220425.app/OC220425";
			};
			name = Debug;
		};
		650FA5B0281A81E200278CBA /* Release */ = {
			isa = XCBuildConfiguration;
			buildSettings = {
				BUNDLE_LOADER = "$(TEST_HOST)";
				CODE_SIGN_STYLE = Automatic;
				CURRENT_PROJECT_VERSION = 1;
				GENERATE_INFOPLIST_FILE = YES;
				IPHONEOS_DEPLOYMENT_TARGET = 15.4;
				MARKETING_VERSION = 1.0;
				PRODUCT_BUNDLE_IDENTIFIER = com.isoftstone.kit.OC220425Tests;
				PRODUCT_NAME = "$(TARGET_NAME)";
				SWIFT_EMIT_LOC_STRINGS = NO;
				TARGETED_DEVICE_FAMILY = "1,2";
				TEST_HOST = "$(BUILT_PRODUCTS_DIR)/OC220425.app/OC220425";
			};
			name = Release;
		};
		650FA5B2281A81E200278CBA /* Debug */ = {
			isa = XCBuildConfiguration;
			buildSettings = {
				CODE_SIGN_STYLE = Automatic;
				CURRENT_PROJECT_VERSION = 1;
				GENERATE_INFOPLIST_FILE = YES;
				MARKETING_VERSION = 1.0;
				PRODUCT_BUNDLE_IDENTIFIER = com.isoftstone.kit.OC220425UITests;
				PRODUCT_NAME = "$(TARGET_NAME)";
				SWIFT_EMIT_LOC_STRINGS = NO;
				TARGETED_DEVICE_FAMILY = "1,2";
				TEST_TARGET_NAME = OC220425;
			};
			name = Debug;
		};
		650FA5B3281A81E200278CBA /* Release */ = {
			isa = XCBuildConfiguration;
			buildSettings = {
				CODE_SIGN_STYLE = Automatic;
				CURRENT_PROJECT_VERSION = 1;
				GENERATE_INFOPLIST_FILE = YES;
				MARKETING_VERSION = 1.0;
				PRODUCT_BUNDLE_IDENTIFIER = com.isoftstone.kit.OC220425UITests;
				PRODUCT_NAME = "$(TARGET_NAME)";
				SWIFT_EMIT_LOC_STRINGS = NO;
				TARGETED_DEVICE_FAMILY = "1,2";
				TEST_TARGET_NAME = OC220425;
			};
			name = Release;
		};
/* End XCBuildConfiguration section */

/* Begin XCConfigurationList section */
		650FA577281A81E000278CBA /* Build configuration list for PBXProject "OC220425" */ = {
			isa = XCConfigurationList;
			buildConfigurations = (
				650FA5A9281A81E200278CBA /* Debug */,
				650FA5AA281A81E200278CBA /* Release */,
			);
			defaultConfigurationIsVisible = 0;
			defaultConfigurationName = Release;
		};
		650FA5AB281A81E200278CBA /* Build configuration list for PBXNativeTarget "OC220425" */ = {
			isa = XCConfigurationList;
			buildConfigurations = (
				650FA5AC281A81E200278CBA /* Debug */,
				650FA5AD281A81E200278CBA /* Release */,
			);
			defaultConfigurationIsVisible = 0;
			defaultConfigurationName = Release;
		};
		650FA5AE281A81E200278CBA /* Build configuration list for PBXNativeTarget "OC220425Tests" */ = {
			isa = XCConfigurationList;
			buildConfigurations = (
				650FA5AF281A81E200278CBA /* Debug */,
				650FA5B0281A81E200278CBA /* Release */,
			);
			defaultConfigurationIsVisible = 0;
			defaultConfigurationName = Release;
		};
		650FA5B1281A81E200278CBA /* Build configuration list for PBXNativeTarget "OC220425UITests" */ = {
			isa = XCConfigurationList;
			buildConfigurations = (
				650FA5B2281A81E200278CBA /* Debug */,
				650FA5B3281A81E200278CBA /* Release */,
			);
			defaultConfigurationIsVisible = 0;
			defaultConfigurationName = Release;
		};
/* End XCConfigurationList section */
	};
	rootObject = 650FA574281A81E000278CBA /* Project object */;
}
